
Microsoft Visual Studio Solution File, Format Version 12.00
# Visual Studio Version 17
VisualStudioVersion = 17.6.33801.468
MinimumVisualStudioVersion = 10.0.40219.1
Project("{FAE04EC0-301F-11D3-BF4B-00C04F79EFBC}") = "ModuleEndExam", "ModuleEndExam.csproj", "{999D652F-D2C9-45DA-A969-2476132ED2FB}"
EndProject
Global
	GlobalSection(SolutionConfigurationPlatforms) = preSolution
		Debug|Any CPU = Debug|Any CPU
		Release|Any CPU = Release|Any CPU
	EndGlobalSection
	GlobalSection(ProjectConfigurationPlatforms) = postSolution
		{999D652F-D2C9-45DA-A969-2476132ED2FB}.Debug|Any CPU.ActiveCfg = Debug|Any CPU
		{999D652F-D2C9-45DA-A969-2476132ED2FB}.Debug|Any CPU.Build.0 = Debug|Any CPU
		{999D652F-D2C9-45DA-A969-2476132ED2FB}.Release|Any CPU.ActiveCfg = Release|Any CPU
		{999D652F-D2C9-45DA-A969-2476132ED2FB}.Release|Any CPU.Build.0 = Release|Any CPU
	EndGlobalSection
	GlobalSection(SolutionProperties) = preSolution
		HideSolutionNode = FALSE
	EndGlobalSection
	GlobalSection(ExtensibilityGlobals) = postSolution
		SolutionGuid = {9CA6CC5D-C421-40A8-87BD-B4DBC324BE2B}
	EndGlobalSection
EndGlobal
